
Microsoft Visual Studio Solution File, Format Version 12.00
# Visual Studio Version 17
VisualStudioVersion = 17.5.002.0
MinimumVisualStudioVersion = 10.0.40219.1
Project("{9A19103F-16F7-4668-BE54-9A1E7A4F7556}") = "CustomsController", "CustomsController.csproj", "{47E8FC97-0744-496D-86A4-D819204A0542}"
EndProject
Global
	GlobalSection(SolutionConfigurationPlatforms) = preSolution
		Debug|Any CPU = Debug|Any CPU
		Release|Any CPU = Release|Any CPU
	EndGlobalSection
	GlobalSection(ProjectConfigurationPlatforms) = postSolution
		{47E8FC97-0744-496D-86A4-D819204A0542}.Debug|Any CPU.ActiveCfg = Debug|Any CPU
		{47E8FC97-0744-496D-86A4-D819204A0542}.Debug|Any CPU.Build.0 = Debug|Any CPU
		{47E8FC97-0744-496D-86A4-D819204A0542}.Release|Any CPU.ActiveCfg = Release|Any CPU
		{47E8FC97-0744-496D-86A4-D819204A0542}.Release|Any CPU.Build.0 = Release|Any CPU
	EndGlobalSection
	GlobalSection(SolutionProperties) = preSolution
		HideSolutionNode = FALSE
	EndGlobalSection
	GlobalSection(ExtensibilityGlobals) = postSolution
		SolutionGuid = {EDBFA60F-787F-4E56-9886-5EE91DB3DAF4}
	EndGlobalSection
EndGlobal
